
Microsoft Visual Studio Solution File, Format Version 12.00
# Visual Studio Version 16
VisualStudioVersion = 16.0.33214.272
MinimumVisualStudioVersion = 10.0.40219.1
Project("{FAE04EC0-301F-11D3-BF4B-00C04F79EFBC}") = "promedionotas", "promedionotas\promedionotas.csproj", "{52B796C5-90A0-40DB-8AA8-63FDCDE02022}"
EndProject
Global
	GlobalSection(SolutionConfigurationPlatforms) = preSolution
		Debug|Any CPU = Debug|Any CPU
		Release|Any CPU = Release|Any CPU
	EndGlobalSection
	GlobalSection(ProjectConfigurationPlatforms) = postSolution
		{52B796C5-90A0-40DB-8AA8-63FDCDE02022}.Debug|Any CPU.ActiveCfg = Debug|Any CPU
		{52B796C5-90A0-40DB-8AA8-63FDCDE02022}.Debug|Any CPU.Build.0 = Debug|Any CPU
		{52B796C5-90A0-40DB-8AA8-63FDCDE02022}.Release|Any CPU.ActiveCfg = Release|Any CPU
		{52B796C5-90A0-40DB-8AA8-63FDCDE02022}.Release|Any CPU.Build.0 = Release|Any CPU
	EndGlobalSection
	GlobalSection(SolutionProperties) = preSolution
		HideSolutionNode = FALSE
	EndGlobalSection
	GlobalSection(ExtensibilityGlobals) = postSolution
		SolutionGuid = {F1BB8CAC-3122-4289-9C6B-9D8BB02CC60F}
	EndGlobalSection
EndGlobal
